
Microsoft Visual Studio Solution File, Format Version 12.00
# Visual Studio Version 17
VisualStudioVersion = 17.9.34607.119
MinimumVisualStudioVersion = 10.0.40219.1
Project("{FAE04EC0-301F-11D3-BF4B-00C04F79EFBC}") = "Catalog", "Catalog\Catalog.csproj", "{3390F0A5-335F-4AB4-86E3-8CC6069B0D03}"
EndProject
Project("{FAE04EC0-301F-11D3-BF4B-00C04F79EFBC}") = "Customer", "Customer\Customer.csproj", "{BBF610E9-A183-469C-92E3-9F52125970AA}"
EndProject
Project("{FAE04EC0-301F-11D3-BF4B-00C04F79EFBC}") = "Cart", "Cart\Cart.csproj", "{D7182124-6FDA-4EE1-B289-CDD9BEBAFD3B}"
EndProject
Global
	GlobalSection(SolutionConfigurationPlatforms) = preSolution
		Debug|Any CPU = Debug|Any CPU
		Release|Any CPU = Release|Any CPU
	EndGlobalSection
	GlobalSection(ProjectConfigurationPlatforms) = postSolution
		{3390F0A5-335F-4AB4-86E3-8CC6069B0D03}.Debug|Any CPU.ActiveCfg = Debug|Any CPU
		{3390F0A5-335F-4AB4-86E3-8CC6069B0D03}.Debug|Any CPU.Build.0 = Debug|Any CPU
		{3390F0A5-335F-4AB4-86E3-8CC6069B0D03}.Release|Any CPU.ActiveCfg = Release|Any CPU
		{3390F0A5-335F-4AB4-86E3-8CC6069B0D03}.Release|Any CPU.Build.0 = Release|Any CPU
		{BBF610E9-A183-469C-92E3-9F52125970AA}.Debug|Any CPU.ActiveCfg = Debug|Any CPU
		{BBF610E9-A183-469C-92E3-9F52125970AA}.Debug|Any CPU.Build.0 = Debug|Any CPU
		{BBF610E9-A183-469C-92E3-9F52125970AA}.Release|Any CPU.ActiveCfg = Release|Any CPU
		{BBF610E9-A183-469C-92E3-9F52125970AA}.Release|Any CPU.Build.0 = Release|Any CPU
		{D7182124-6FDA-4EE1-B289-CDD9BEBAFD3B}.Debug|Any CPU.ActiveCfg = Debug|Any CPU
		{D7182124-6FDA-4EE1-B289-CDD9BEBAFD3B}.Debug|Any CPU.Build.0 = Debug|Any CPU
		{D7182124-6FDA-4EE1-B289-CDD9BEBAFD3B}.Release|Any CPU.ActiveCfg = Release|Any CPU
		{D7182124-6FDA-4EE1-B289-CDD9BEBAFD3B}.Release|Any CPU.Build.0 = Release|Any CPU
	EndGlobalSection
	GlobalSection(SolutionProperties) = preSolution
		HideSolutionNode = FALSE
	EndGlobalSection
	GlobalSection(ExtensibilityGlobals) = postSolution
		SolutionGuid = {EDD942A2-5770-4BA1-9618-5B536B16363F}
	EndGlobalSection
EndGlobal
